// !$*UTF8*$!
{
	archiveVersion = 1;
	classes = {
	};
	objectVersion = 56;
	objects = {

/* Begin PBXBuildFile section */
		1611FDC02B7FC107006A6A78 /* FetchSquadUseCase.swift in Sources */ = {isa = PBXBuildFile; fileRef = 1611FDBF2B7FC107006A6A78 /* FetchSquadUseCase.swift */; };
		1611FDC62B7FEF32006A6A78 /* CombineExt in Frameworks */ = {isa = PBXBuildFile; productRef = 1611FDC52B7FEF32006A6A78 /* CombineExt */; };
		1611FDC82B8002C3006A6A78 /* ThumbnailPersistantModel.swift in Sources */ = {isa = PBXBuildFile; fileRef = 1611FDC72B8002C3006A6A78 /* ThumbnailPersistantModel.swift */; };
		1611FDCA2B80072D006A6A78 /* SquadView.swift in Sources */ = {isa = PBXBuildFile; fileRef = 1611FDC92B80072D006A6A78 /* SquadView.swift */; };
		1611FDCD2B810B77006A6A78 /* Notification+Name.swift in Sources */ = {isa = PBXBuildFile; fileRef = 1611FDCC2B810B77006A6A78 /* Notification+Name.swift */; };
		16ABD28E2B7A7BF900B14DFE /* AppDelegate.swift in Sources */ = {isa = PBXBuildFile; fileRef = 16ABD28D2B7A7BF900B14DFE /* AppDelegate.swift */; };
		16ABD2902B7A7BF900B14DFE /* SceneDelegate.swift in Sources */ = {isa = PBXBuildFile; fileRef = 16ABD28F2B7A7BF900B14DFE /* SceneDelegate.swift */; };
		16ABD2972B7A7BFA00B14DFE /* Assets.xcassets in Resources */ = {isa = PBXBuildFile; fileRef = 16ABD2962B7A7BFA00B14DFE /* Assets.xcassets */; };
		16ABD29A2B7A7BFA00B14DFE /* LaunchScreen.storyboard in Resources */ = {isa = PBXBuildFile; fileRef = 16ABD2982B7A7BFA00B14DFE /* LaunchScreen.storyboard */; };
		16ABD2A52B7A7BFA00B14DFE /* The_Superhero_Squad_MakerTests.swift in Sources */ = {isa = PBXBuildFile; fileRef = 16ABD2A42B7A7BFA00B14DFE /* The_Superhero_Squad_MakerTests.swift */; };
		16ABD2C22B7A7C3000B14DFE /* TextContent.swift in Sources */ = {isa = PBXBuildFile; fileRef = 16ABD2C12B7A7C3000B14DFE /* TextContent.swift */; };
		16ABD2C92B7A7C8900B14DFE /* CGFloat+Extensions.swift in Sources */ = {isa = PBXBuildFile; fileRef = 16ABD2C62B7A7C8900B14DFE /* CGFloat+Extensions.swift */; };
		16ABD2CA2B7A7C8900B14DFE /* Color+Extensions.swift in Sources */ = {isa = PBXBuildFile; fileRef = 16ABD2C72B7A7C8900B14DFE /* Color+Extensions.swift */; };
		16ABD2CB2B7A7C8900B14DFE /* Image+Extensions.swift in Sources */ = {isa = PBXBuildFile; fileRef = 16ABD2C82B7A7C8900B14DFE /* Image+Extensions.swift */; };
		16ABD2D12B7A7CEE00B14DFE /* SquadButton.swift in Sources */ = {isa = PBXBuildFile; fileRef = 16ABD2CE2B7A7CEE00B14DFE /* SquadButton.swift */; };
		16ABD2D22B7A7CEE00B14DFE /* SquadMemberView.swift in Sources */ = {isa = PBXBuildFile; fileRef = 16ABD2CF2B7A7CEE00B14DFE /* SquadMemberView.swift */; };
		16ABD2D32B7A7CEE00B14DFE /* HeroListItemView.swift in Sources */ = {isa = PBXBuildFile; fileRef = 16ABD2D02B7A7CEE00B14DFE /* HeroListItemView.swift */; };
		16ABD2D62B7A7ED900B14DFE /* ApplicationCoordinator.swift in Sources */ = {isa = PBXBuildFile; fileRef = 16ABD2D52B7A7ED900B14DFE /* ApplicationCoordinator.swift */; };
		16ABD2DA2B7A7F1400B14DFE /* Coordinator.swift in Sources */ = {isa = PBXBuildFile; fileRef = 16ABD2D92B7A7F1400B14DFE /* Coordinator.swift */; };
		16ABD2DC2B7A7F5200B14DFE /* HomeCoordinator.swift in Sources */ = {isa = PBXBuildFile; fileRef = 16ABD2DB2B7A7F5200B14DFE /* HomeCoordinator.swift */; };
		16ABD2E02B7A7FAF00B14DFE /* HomeView.swift in Sources */ = {isa = PBXBuildFile; fileRef = 16ABD2DF2B7A7FAF00B14DFE /* HomeView.swift */; };
		16ABD2E22B7A7FDB00B14DFE /* Swinject in Frameworks */ = {isa = PBXBuildFile; productRef = 16ABD2E12B7A7FDB00B14DFE /* Swinject */; };
		16ABD2E52B7A82B000B14DFE /* DependencyManager.swift in Sources */ = {isa = PBXBuildFile; fileRef = 16ABD2E42B7A82AF00B14DFE /* DependencyManager.swift */; };
		16ABD2E82B7A82E400B14DFE /* CoordinatorAssembly.swift in Sources */ = {isa = PBXBuildFile; fileRef = 16ABD2E72B7A82E400B14DFE /* CoordinatorAssembly.swift */; };
		16ABD2EA2B7A834C00B14DFE /* ResolverEnvironment.swift in Sources */ = {isa = PBXBuildFile; fileRef = 16ABD2E92B7A834C00B14DFE /* ResolverEnvironment.swift */; };
		16ABD2F12B7A83EA00B14DFE /* DomainResult.swift in Sources */ = {isa = PBXBuildFile; fileRef = 16ABD2EC2B7A83EA00B14DFE /* DomainResult.swift */; };
		16ABD2F22B7A83EA00B14DFE /* StateModel.swift in Sources */ = {isa = PBXBuildFile; fileRef = 16ABD2ED2B7A83EA00B14DFE /* StateModel.swift */; };
		16ABD2F32B7A83EA00B14DFE /* ClientError.swift in Sources */ = {isa = PBXBuildFile; fileRef = 16ABD2EE2B7A83EA00B14DFE /* ClientError.swift */; };
		16ABD2F42B7A83EA00B14DFE /* AppConfiguration.swift in Sources */ = {isa = PBXBuildFile; fileRef = 16ABD2EF2B7A83EA00B14DFE /* AppConfiguration.swift */; };
		16ABD2F52B7A83EA00B14DFE /* Features.swift in Sources */ = {isa = PBXBuildFile; fileRef = 16ABD2F02B7A83EA00B14DFE /* Features.swift */; };
		16ABD2F82B7A86D400B14DFE /* HeroListView.swift in Sources */ = {isa = PBXBuildFile; fileRef = 16ABD2F72B7A86D400B14DFE /* HeroListView.swift */; };
		16ABD2FF2B7A877C00B14DFE /* HTTPClient.swift in Sources */ = {isa = PBXBuildFile; fileRef = 16ABD2FE2B7A877C00B14DFE /* HTTPClient.swift */; };
		16ABD3052B7A87B700B14DFE /* ErrorPopupView.swift in Sources */ = {isa = PBXBuildFile; fileRef = 16ABD3012B7A87B700B14DFE /* ErrorPopupView.swift */; };
		16ABD3062B7A87B700B14DFE /* Logger.swift in Sources */ = {isa = PBXBuildFile; fileRef = 16ABD3022B7A87B700B14DFE /* Logger.swift */; };
		16ABD3072B7A87B700B14DFE /* DeveloperPreview.swift in Sources */ = {isa = PBXBuildFile; fileRef = 16ABD3032B7A87B700B14DFE /* DeveloperPreview.swift */; };
		16ABD3082B7A87B700B14DFE /* LocalFileManager.swift in Sources */ = {isa = PBXBuildFile; fileRef = 16ABD3042B7A87B700B14DFE /* LocalFileManager.swift */; };
		16ABD30B2B7A87F900B14DFE /* APIEndpoint.swift in Sources */ = {isa = PBXBuildFile; fileRef = 16ABD30A2B7A87F900B14DFE /* APIEndpoint.swift */; };
		16ABD30D2B7A882200B14DFE /* HeroEndPoints.swift in Sources */ = {isa = PBXBuildFile; fileRef = 16ABD30C2B7A882200B14DFE /* HeroEndPoints.swift */; };
		16ABD30F2B7A88E200B14DFE /* AuthenticationProtocol.swift in Sources */ = {isa = PBXBuildFile; fileRef = 16ABD30E2B7A88E200B14DFE /* AuthenticationProtocol.swift */; };
		16ABD3112B7A89F200B14DFE /* Security.swift in Sources */ = {isa = PBXBuildFile; fileRef = 16ABD3102B7A89F200B14DFE /* Security.swift */; };
		16ABD3142B7A8D0700B14DFE /* SquadListResponse.swift in Sources */ = {isa = PBXBuildFile; fileRef = 16ABD3132B7A8D0700B14DFE /* SquadListResponse.swift */; };
		16ABD3182B7A8E5700B14DFE /* HomeViewModel.swift in Sources */ = {isa = PBXBuildFile; fileRef = 16ABD3172B7A8E5700B14DFE /* HomeViewModel.swift */; };
		16ABD31B2B7ABAE500B14DFE /* HeroService.swift in Sources */ = {isa = PBXBuildFile; fileRef = 16ABD31A2B7ABAE500B14DFE /* HeroService.swift */; };
		16ABD31E2B7ABC7400B14DFE /* ServiceAssembly.swift in Sources */ = {isa = PBXBuildFile; fileRef = 16ABD31D2B7ABC7400B14DFE /* ServiceAssembly.swift */; };
		16ABD3212B7ABE2400B14DFE /* FetchHeroListUseCase.swift in Sources */ = {isa = PBXBuildFile; fileRef = 16ABD3202B7ABE2400B14DFE /* FetchHeroListUseCase.swift */; };
		16ABD3242B7AC11200B14DFE /* ModuleAssembly.swift in Sources */ = {isa = PBXBuildFile; fileRef = 16ABD3232B7AC11200B14DFE /* ModuleAssembly.swift */; };
		16ABD3272B7AC7A800B14DFE /* NetworkAssembly.swift in Sources */ = {isa = PBXBuildFile; fileRef = 16ABD3262B7AC7A800B14DFE /* NetworkAssembly.swift */; };
		16ABD3292B7AC85B00B14DFE /* FullScreenLoadingView.swift in Sources */ = {isa = PBXBuildFile; fileRef = 16ABD3282B7AC85B00B14DFE /* FullScreenLoadingView.swift */; };
		16ABD32C2B7B82E500B14DFE /* SDWebImageSwiftUI in Frameworks */ = {isa = PBXBuildFile; productRef = 16ABD32B2B7B82E500B14DFE /* SDWebImageSwiftUI */; };
		16ABD32E2B7B9DD100B14DFE /* ImageEndpoint.swift in Sources */ = {isa = PBXBuildFile; fileRef = 16ABD32D2B7B9DD100B14DFE /* ImageEndpoint.swift */; };
		16ABD3302B7BADDE00B14DFE /* Array+Extensions.swift in Sources */ = {isa = PBXBuildFile; fileRef = 16ABD32F2B7BADDE00B14DFE /* Array+Extensions.swift */; };
		16ABD3322B7BAE2700B14DFE /* ImageSize.swift in Sources */ = {isa = PBXBuildFile; fileRef = 16ABD3312B7BAE2700B14DFE /* ImageSize.swift */; };
		16ABD3392B7BB73100B14DFE /* NavigationBarColorModifier.swift in Sources */ = {isa = PBXBuildFile; fileRef = 16ABD3382B7BB73100B14DFE /* NavigationBarColorModifier.swift */; };
		16ABD33C2B7BB83000B14DFE /* HeroDetailView.swift in Sources */ = {isa = PBXBuildFile; fileRef = 16ABD33B2B7BB83000B14DFE /* HeroDetailView.swift */; };
		16ABD33E2B7BD1A600B14DFE /* ImageFromUrlView.swift in Sources */ = {isa = PBXBuildFile; fileRef = 16ABD33D2B7BD1A600B14DFE /* ImageFromUrlView.swift */; };
		16ABF4D12B7C12610081E59B /* View+Extensions.swift in Sources */ = {isa = PBXBuildFile; fileRef = 16ABF4D02B7C12610081E59B /* View+Extensions.swift */; };
		16ABF4D32B7C12C10081E59B /* HeroDetailViewModel.swift in Sources */ = {isa = PBXBuildFile; fileRef = 16ABF4D22B7C12C10081E59B /* HeroDetailViewModel.swift */; };
		16ABF4E42B7E62750081E59B /* SwiftDataContainerAssembly.swift in Sources */ = {isa = PBXBuildFile; fileRef = 16ABF4E32B7E62750081E59B /* SwiftDataContainerAssembly.swift */; };
		16ABF4E82B7E660C0081E59B /* HeroPersistenceManager.swift in Sources */ = {isa = PBXBuildFile; fileRef = 16ABF4E72B7E660C0081E59B /* HeroPersistenceManager.swift */; };
		16ABF4EA2B7E696B0081E59B /* BasePersistenceManager.swift in Sources */ = {isa = PBXBuildFile; fileRef = 16ABF4E92B7E696B0081E59B /* BasePersistenceManager.swift */; };
		16ABF4EC2B7E69E70081E59B /* CommonModelProtocol.swift in Sources */ = {isa = PBXBuildFile; fileRef = 16ABF4EB2B7E69E70081E59B /* CommonModelProtocol.swift */; };
		16ABF4EF2B7E6A140081E59B /* StorageProtocol.swift in Sources */ = {isa = PBXBuildFile; fileRef = 16ABF4EE2B7E6A140081E59B /* StorageProtocol.swift */; };
		16ABF4F12B7E6A4B0081E59B /* ManagerProtocol.swift in Sources */ = {isa = PBXBuildFile; fileRef = 16ABF4F02B7E6A4B0081E59B /* ManagerProtocol.swift */; };
		16ABF4F92B7E85510081E59B /* HeroPersistentModel.swift in Sources */ = {isa = PBXBuildFile; fileRef = 16ABF4F82B7E85510081E59B /* HeroPersistentModel.swift */; };
		16ABF4FD2B7F4F830081E59B /* EditSquadUseCase.swift in Sources */ = {isa = PBXBuildFile; fileRef = 16ABF4FC2B7F4F830081E59B /* EditSquadUseCase.swift */; };
/* End PBXBuildFile section */

/* Begin PBXContainerItemProxy section */
		16ABD2A12B7A7BFA00B14DFE /* PBXContainerItemProxy */ = {
			isa = PBXContainerItemProxy;
			containerPortal = 16ABD2822B7A7BF900B14DFE /* Project object */;
			proxyType = 1;
			remoteGlobalIDString = 16ABD2892B7A7BF900B14DFE;
			remoteInfo = "The Superhero Squad Maker";
		};
		16ABD2AB2B7A7BFA00B14DFE /* PBXContainerItemProxy */ = {
			isa = PBXContainerItemProxy;
			containerPortal = 16ABD2822B7A7BF900B14DFE /* Project object */;
			proxyType = 1;
			remoteGlobalIDString = 16ABD2892B7A7BF900B14DFE;
			remoteInfo = "The Superhero Squad Maker";
		};
/* End PBXContainerItemProxy section */

/* Begin PBXFileReference section */
		1611FDBF2B7FC107006A6A78 /* FetchSquadUseCase.swift */ = {isa = PBXFileReference; lastKnownFileType = sourcecode.swift; path = FetchSquadUseCase.swift; sourceTree = "<group>"; };
		1611FDC72B8002C3006A6A78 /* ThumbnailPersistantModel.swift */ = {isa = PBXFileReference; lastKnownFileType = sourcecode.swift; path = ThumbnailPersistantModel.swift; sourceTree = "<group>"; };
		1611FDC92B80072D006A6A78 /* SquadView.swift */ = {isa = PBXFileReference; lastKnownFileType = sourcecode.swift; path = SquadView.swift; sourceTree = "<group>"; };
		1611FDCC2B810B77006A6A78 /* Notification+Name.swift */ = {isa = PBXFileReference; lastKnownFileType = sourcecode.swift; path = "Notification+Name.swift"; sourceTree = "<group>"; };
		16ABD28A2B7A7BF900B14DFE /* The Superhero Squad Maker.app */ = {isa = PBXFileReference; explicitFileType = wrapper.application; includeInIndex = 0; path = "The Superhero Squad Maker.app"; sourceTree = BUILT_PRODUCTS_DIR; };
		16ABD28D2B7A7BF900B14DFE /* AppDelegate.swift */ = {isa = PBXFileReference; lastKnownFileType = sourcecode.swift; path = AppDelegate.swift; sourceTree = "<group>"; };
		16ABD28F2B7A7BF900B14DFE /* SceneDelegate.swift */ = {isa = PBXFileReference; lastKnownFileType = sourcecode.swift; path = SceneDelegate.swift; sourceTree = "<group>"; };
		16ABD2962B7A7BFA00B14DFE /* Assets.xcassets */ = {isa = PBXFileReference; lastKnownFileType = folder.assetcatalog; path = Assets.xcassets; sourceTree = "<group>"; };
		16ABD2992B7A7BFA00B14DFE /* Base */ = {isa = PBXFileReference; lastKnownFileType = file.storyboard; name = Base; path = Base.lproj/LaunchScreen.storyboard; sourceTree = "<group>"; };
		16ABD29B2B7A7BFA00B14DFE /* Info.plist */ = {isa = PBXFileReference; lastKnownFileType = text.plist.xml; path = Info.plist; sourceTree = "<group>"; };
		16ABD2A02B7A7BFA00B14DFE /* The Superhero Squad MakerTests.xctest */ = {isa = PBXFileReference; explicitFileType = wrapper.cfbundle; includeInIndex = 0; path = "The Superhero Squad MakerTests.xctest"; sourceTree = BUILT_PRODUCTS_DIR; };
		16ABD2A42B7A7BFA00B14DFE /* The_Superhero_Squad_MakerTests.swift */ = {isa = PBXFileReference; lastKnownFileType = sourcecode.swift; path = The_Superhero_Squad_MakerTests.swift; sourceTree = "<group>"; };
		16ABD2AA2B7A7BFA00B14DFE /* The Superhero Squad MakerUITests.xctest */ = {isa = PBXFileReference; explicitFileType = wrapper.cfbundle; includeInIndex = 0; path = "The Superhero Squad MakerUITests.xctest"; sourceTree = BUILT_PRODUCTS_DIR; };
		16ABD2C12B7A7C3000B14DFE /* TextContent.swift */ = {isa = PBXFileReference; fileEncoding = 4; lastKnownFileType = sourcecode.swift; path = TextContent.swift; sourceTree = "<group>"; };
		16ABD2C62B7A7C8900B14DFE /* CGFloat+Extensions.swift */ = {isa = PBXFileReference; fileEncoding = 4; lastKnownFileType = sourcecode.swift; path = "CGFloat+Extensions.swift"; sourceTree = "<group>"; };
		16ABD2C72B7A7C8900B14DFE /* Color+Extensions.swift */ = {isa = PBXFileReference; fileEncoding = 4; lastKnownFileType = sourcecode.swift; path = "Color+Extensions.swift"; sourceTree = "<group>"; };
		16ABD2C82B7A7C8900B14DFE /* Image+Extensions.swift */ = {isa = PBXFileReference; fileEncoding = 4; lastKnownFileType = sourcecode.swift; path = "Image+Extensions.swift"; sourceTree = "<group>"; };
		16ABD2CE2B7A7CEE00B14DFE /* SquadButton.swift */ = {isa = PBXFileReference; fileEncoding = 4; lastKnownFileType = sourcecode.swift; path = SquadButton.swift; sourceTree = "<group>"; };
		16ABD2CF2B7A7CEE00B14DFE /* SquadMemberView.swift */ = {isa = PBXFileReference; fileEncoding = 4; lastKnownFileType = sourcecode.swift; path = SquadMemberView.swift; sourceTree = "<group>"; };
		16ABD2D02B7A7CEE00B14DFE /* HeroListItemView.swift */ = {isa = PBXFileReference; fileEncoding = 4; lastKnownFileType = sourcecode.swift; path = HeroListItemView.swift; sourceTree = "<group>"; };
		16ABD2D52B7A7ED900B14DFE /* ApplicationCoordinator.swift */ = {isa = PBXFileReference; lastKnownFileType = sourcecode.swift; path = ApplicationCoordinator.swift; sourceTree = "<group>"; };
		16ABD2D92B7A7F1400B14DFE /* Coordinator.swift */ = {isa = PBXFileReference; lastKnownFileType = sourcecode.swift; path = Coordinator.swift; sourceTree = "<group>"; };
		16ABD2DB2B7A7F5200B14DFE /* HomeCoordinator.swift */ = {isa = PBXFileReference; lastKnownFileType = sourcecode.swift; path = HomeCoordinator.swift; sourceTree = "<group>"; };
		16ABD2DF2B7A7FAF00B14DFE /* HomeView.swift */ = {isa = PBXFileReference; lastKnownFileType = sourcecode.swift; path = HomeView.swift; sourceTree = "<group>"; };
		16ABD2E42B7A82AF00B14DFE /* DependencyManager.swift */ = {isa = PBXFileReference; lastKnownFileType = sourcecode.swift; path = DependencyManager.swift; sourceTree = "<group>"; };
		16ABD2E72B7A82E400B14DFE /* CoordinatorAssembly.swift */ = {isa = PBXFileReference; lastKnownFileType = sourcecode.swift; path = CoordinatorAssembly.swift; sourceTree = "<group>"; };
		16ABD2E92B7A834C00B14DFE /* ResolverEnvironment.swift */ = {isa = PBXFileReference; lastKnownFileType = sourcecode.swift; path = ResolverEnvironment.swift; sourceTree = "<group>"; };
		16ABD2EC2B7A83EA00B14DFE /* DomainResult.swift */ = {isa = PBXFileReference; fileEncoding = 4; lastKnownFileType = sourcecode.swift; path = DomainResult.swift; sourceTree = "<group>"; };
		16ABD2ED2B7A83EA00B14DFE /* StateModel.swift */ = {isa = PBXFileReference; fileEncoding = 4; lastKnownFileType = sourcecode.swift; path = StateModel.swift; sourceTree = "<group>"; };
		16ABD2EE2B7A83EA00B14DFE /* ClientError.swift */ = {isa = PBXFileReference; fileEncoding = 4; lastKnownFileType = sourcecode.swift; path = ClientError.swift; sourceTree = "<group>"; };
		16ABD2EF2B7A83EA00B14DFE /* AppConfiguration.swift */ = {isa = PBXFileReference; fileEncoding = 4; lastKnownFileType = sourcecode.swift; path = AppConfiguration.swift; sourceTree = "<group>"; };
		16ABD2F02B7A83EA00B14DFE /* Features.swift */ = {isa = PBXFileReference; fileEncoding = 4; lastKnownFileType = sourcecode.swift; path = Features.swift; sourceTree = "<group>"; };
		16ABD2F72B7A86D400B14DFE /* HeroListView.swift */ = {isa = PBXFileReference; lastKnownFileType = sourcecode.swift; path = HeroListView.swift; sourceTree = "<group>"; };
		16ABD2FE2B7A877C00B14DFE /* HTTPClient.swift */ = {isa = PBXFileReference; lastKnownFileType = sourcecode.swift; path = HTTPClient.swift; sourceTree = "<group>"; };
		16ABD3012B7A87B700B14DFE /* ErrorPopupView.swift */ = {isa = PBXFileReference; fileEncoding = 4; lastKnownFileType = sourcecode.swift; path = ErrorPopupView.swift; sourceTree = "<group>"; };
		16ABD3022B7A87B700B14DFE /* Logger.swift */ = {isa = PBXFileReference; fileEncoding = 4; lastKnownFileType = sourcecode.swift; path = Logger.swift; sourceTree = "<group>"; };
		16ABD3032B7A87B700B14DFE /* DeveloperPreview.swift */ = {isa = PBXFileReference; fileEncoding = 4; lastKnownFileType = sourcecode.swift; path = DeveloperPreview.swift; sourceTree = "<group>"; };
		16ABD3042B7A87B700B14DFE /* LocalFileManager.swift */ = {isa = PBXFileReference; fileEncoding = 4; lastKnownFileType = sourcecode.swift; path = LocalFileManager.swift; sourceTree = "<group>"; };
		16ABD30A2B7A87F900B14DFE /* APIEndpoint.swift */ = {isa = PBXFileReference; lastKnownFileType = sourcecode.swift; path = APIEndpoint.swift; sourceTree = "<group>"; };
		16ABD30C2B7A882200B14DFE /* HeroEndPoints.swift */ = {isa = PBXFileReference; lastKnownFileType = sourcecode.swift; path = HeroEndPoints.swift; sourceTree = "<group>"; };
		16ABD30E2B7A88E200B14DFE /* AuthenticationProtocol.swift */ = {isa = PBXFileReference; lastKnownFileType = sourcecode.swift; path = AuthenticationProtocol.swift; sourceTree = "<group>"; };
		16ABD3102B7A89F200B14DFE /* Security.swift */ = {isa = PBXFileReference; lastKnownFileType = sourcecode.swift; path = Security.swift; sourceTree = "<group>"; };
		16ABD3132B7A8D0700B14DFE /* SquadListResponse.swift */ = {isa = PBXFileReference; lastKnownFileType = sourcecode.swift; path = SquadListResponse.swift; sourceTree = "<group>"; };
		16ABD3172B7A8E5700B14DFE /* HomeViewModel.swift */ = {isa = PBXFileReference; lastKnownFileType = sourcecode.swift; path = HomeViewModel.swift; sourceTree = "<group>"; };
		16ABD31A2B7ABAE500B14DFE /* HeroService.swift */ = {isa = PBXFileReference; lastKnownFileType = sourcecode.swift; path = HeroService.swift; sourceTree = "<group>"; };
		16ABD31D2B7ABC7400B14DFE /* ServiceAssembly.swift */ = {isa = PBXFileReference; lastKnownFileType = sourcecode.swift; path = ServiceAssembly.swift; sourceTree = "<group>"; };
		16ABD3202B7ABE2400B14DFE /* FetchHeroListUseCase.swift */ = {isa = PBXFileReference; lastKnownFileType = sourcecode.swift; path = FetchHeroListUseCase.swift; sourceTree = "<group>"; };
		16ABD3232B7AC11200B14DFE /* ModuleAssembly.swift */ = {isa = PBXFileReference; lastKnownFileType = sourcecode.swift; path = ModuleAssembly.swift; sourceTree = "<group>"; };
		16ABD3262B7AC7A800B14DFE /* NetworkAssembly.swift */ = {isa = PBXFileReference; lastKnownFileType = sourcecode.swift; path = NetworkAssembly.swift; sourceTree = "<group>"; };
		16ABD3282B7AC85B00B14DFE /* FullScreenLoadingView.swift */ = {isa = PBXFileReference; lastKnownFileType = sourcecode.swift; path = FullScreenLoadingView.swift; sourceTree = "<group>"; };
		16ABD32D2B7B9DD100B14DFE /* ImageEndpoint.swift */ = {isa = PBXFileReference; lastKnownFileType = sourcecode.swift; path = ImageEndpoint.swift; sourceTree = "<group>"; };
		16ABD32F2B7BADDE00B14DFE /* Array+Extensions.swift */ = {isa = PBXFileReference; lastKnownFileType = sourcecode.swift; path = "Array+Extensions.swift"; sourceTree = "<group>"; };
		16ABD3312B7BAE2700B14DFE /* ImageSize.swift */ = {isa = PBXFileReference; lastKnownFileType = sourcecode.swift; path = ImageSize.swift; sourceTree = "<group>"; };
		16ABD3382B7BB73100B14DFE /* NavigationBarColorModifier.swift */ = {isa = PBXFileReference; lastKnownFileType = sourcecode.swift; path = NavigationBarColorModifier.swift; sourceTree = "<group>"; };
		16ABD33B2B7BB83000B14DFE /* HeroDetailView.swift */ = {isa = PBXFileReference; lastKnownFileType = sourcecode.swift; path = HeroDetailView.swift; sourceTree = "<group>"; };
		16ABD33D2B7BD1A600B14DFE /* ImageFromUrlView.swift */ = {isa = PBXFileReference; lastKnownFileType = sourcecode.swift; path = ImageFromUrlView.swift; sourceTree = "<group>"; };
		16ABF4D02B7C12610081E59B /* View+Extensions.swift */ = {isa = PBXFileReference; lastKnownFileType = sourcecode.swift; path = "View+Extensions.swift"; sourceTree = "<group>"; };
		16ABF4D22B7C12C10081E59B /* HeroDetailViewModel.swift */ = {isa = PBXFileReference; lastKnownFileType = sourcecode.swift; path = HeroDetailViewModel.swift; sourceTree = "<group>"; };
		16ABF4E32B7E62750081E59B /* SwiftDataContainerAssembly.swift */ = {isa = PBXFileReference; lastKnownFileType = sourcecode.swift; path = SwiftDataContainerAssembly.swift; sourceTree = "<group>"; };
		16ABF4E72B7E660C0081E59B /* HeroPersistenceManager.swift */ = {isa = PBXFileReference; lastKnownFileType = sourcecode.swift; path = HeroPersistenceManager.swift; sourceTree = "<group>"; };
		16ABF4E92B7E696B0081E59B /* BasePersistenceManager.swift */ = {isa = PBXFileReference; lastKnownFileType = sourcecode.swift; path = BasePersistenceManager.swift; sourceTree = "<group>"; };
		16ABF4EB2B7E69E70081E59B /* CommonModelProtocol.swift */ = {isa = PBXFileReference; lastKnownFileType = sourcecode.swift; path = CommonModelProtocol.swift; sourceTree = "<group>"; };
		16ABF4EE2B7E6A140081E59B /* StorageProtocol.swift */ = {isa = PBXFileReference; lastKnownFileType = sourcecode.swift; path = StorageProtocol.swift; sourceTree = "<group>"; };
		16ABF4F02B7E6A4B0081E59B /* ManagerProtocol.swift */ = {isa = PBXFileReference; lastKnownFileType = sourcecode.swift; path = ManagerProtocol.swift; sourceTree = "<group>"; };
		16ABF4F82B7E85510081E59B /* HeroPersistentModel.swift */ = {isa = PBXFileReference; lastKnownFileType = sourcecode.swift; path = HeroPersistentModel.swift; sourceTree = "<group>"; };
		16ABF4FC2B7F4F830081E59B /* EditSquadUseCase.swift */ = {isa = PBXFileReference; lastKnownFileType = sourcecode.swift; path = EditSquadUseCase.swift; sourceTree = "<group>"; };
/* End PBXFileReference section */

/* Begin PBXFrameworksBuildPhase section */
		16ABD2872B7A7BF900B14DFE /* Frameworks */ = {
			isa = PBXFrameworksBuildPhase;
			buildActionMask = 2147483647;
			files = (
				16ABD32C2B7B82E500B14DFE /* SDWebImageSwiftUI in Frameworks */,
				1611FDC62B7FEF32006A6A78 /* CombineExt in Frameworks */,
				16ABD2E22B7A7FDB00B14DFE /* Swinject in Frameworks */,
			);
			runOnlyForDeploymentPostprocessing = 0;
		};
		16ABD29D2B7A7BFA00B14DFE /* Frameworks */ = {
			isa = PBXFrameworksBuildPhase;
			buildActionMask = 2147483647;
			files = (
			);
			runOnlyForDeploymentPostprocessing = 0;
		};
		16ABD2A72B7A7BFA00B14DFE /* Frameworks */ = {
			isa = PBXFrameworksBuildPhase;
			buildActionMask = 2147483647;
			files = (
			);
			runOnlyForDeploymentPostprocessing = 0;
		};
/* End PBXFrameworksBuildPhase section */

/* Begin PBXGroup section */
		1611FDCB2B800734006A6A78 /* SquadView */ = {
			isa = PBXGroup;
			children = (
				1611FDC92B80072D006A6A78 /* SquadView.swift */,
				16ABD2CF2B7A7CEE00B14DFE /* SquadMemberView.swift */,
			);
			path = SquadView;
			sourceTree = "<group>";
		};
		16ABD2812B7A7BF900B14DFE = {
			isa = PBXGroup;
			children = (
				16ABD28C2B7A7BF900B14DFE /* The Superhero Squad Maker */,
				16ABD2A32B7A7BFA00B14DFE /* The Superhero Squad MakerTests */,
				16ABD28B2B7A7BF900B14DFE /* Products */,
			);
			sourceTree = "<group>";
		};
		16ABD28B2B7A7BF900B14DFE /* Products */ = {
			isa = PBXGroup;
			children = (
				16ABD28A2B7A7BF900B14DFE /* The Superhero Squad Maker.app */,
				16ABD2A02B7A7BFA00B14DFE /* The Superhero Squad MakerTests.xctest */,
				16ABD2AA2B7A7BFA00B14DFE /* The Superhero Squad MakerUITests.xctest */,
			);
			name = Products;
			sourceTree = "<group>";
		};
		16ABD28C2B7A7BF900B14DFE /* The Superhero Squad Maker */ = {
			isa = PBXGroup;
			children = (
				16ABD2C32B7A7C3300B14DFE /* App */,
				16ABD2D82B7A7EFF00B14DFE /* Coordinators */,
				16ABD2C52B7A7C6700B14DFE /* Extensions */,
				16ABD2BE2B7A7C0900B14DFE /* Models */,
				16ABD2FD2B7A876600B14DFE /* Networking */,
				16ABD2C42B7A7C4500B14DFE /* Resources */,
				16ABD2DD2B7A7F8100B14DFE /* Screens */,
				16ABD2BD2B7A7C0200B14DFE /* UIComponents */,
				16ABD3002B7A87A600B14DFE /* Utilities */,
			);
			path = "The Superhero Squad Maker";
			sourceTree = "<group>";
		};
		16ABD2A32B7A7BFA00B14DFE /* The Superhero Squad MakerTests */ = {
			isa = PBXGroup;
			children = (
				16ABD2A42B7A7BFA00B14DFE /* The_Superhero_Squad_MakerTests.swift */,
			);
			path = "The Superhero Squad MakerTests";
			sourceTree = "<group>";
		};
		16ABD2BD2B7A7C0200B14DFE /* UIComponents */ = {
			isa = PBXGroup;
			children = (
				1611FDCB2B800734006A6A78 /* SquadView */,
				16ABF4D52B7C1CCF0081E59B /* LoadingView */,
				16ABF4D42B7C1CAF0081E59B /* ErrorView */,
				16ABD2F92B7A871200B14DFE /* HeroListView */,
				16ABD2CE2B7A7CEE00B14DFE /* SquadButton.swift */,
				16ABD33D2B7BD1A600B14DFE /* ImageFromUrlView.swift */,
			);
			path = UIComponents;
			sourceTree = "<group>";
		};
		16ABD2BE2B7A7C0900B14DFE /* Models */ = {
			isa = PBXGroup;
			children = (
				16ABD3122B7A8CFA00B14DFE /* SquadList */,
				16ABD2EB2B7A83D200B14DFE /* Core */,
			);
			path = Models;
			sourceTree = "<group>";
		};
		16ABD2C32B7A7C3300B14DFE /* App */ = {
			isa = PBXGroup;
			children = (
				16ABD29B2B7A7BFA00B14DFE /* Info.plist */,
				16ABD28D2B7A7BF900B14DFE /* AppDelegate.swift */,
				16ABD2D52B7A7ED900B14DFE /* ApplicationCoordinator.swift */,
				16ABD28F2B7A7BF900B14DFE /* SceneDelegate.swift */,
				16ABD2E32B7A828400B14DFE /* Dependency Injection */,
			);
			path = App;
			sourceTree = "<group>";
		};
		16ABD2C42B7A7C4500B14DFE /* Resources */ = {
			isa = PBXGroup;
			children = (
				16ABD2982B7A7BFA00B14DFE /* LaunchScreen.storyboard */,
				16ABD2962B7A7BFA00B14DFE /* Assets.xcassets */,
			);
			path = Resources;
			sourceTree = "<group>";
		};
		16ABD2C52B7A7C6700B14DFE /* Extensions */ = {
			isa = PBXGroup;
			children = (
				16ABD32F2B7BADDE00B14DFE /* Array+Extensions.swift */,
				16ABD2C62B7A7C8900B14DFE /* CGFloat+Extensions.swift */,
				16ABD2C72B7A7C8900B14DFE /* Color+Extensions.swift */,
				16ABD2C82B7A7C8900B14DFE /* Image+Extensions.swift */,
				1611FDCC2B810B77006A6A78 /* Notification+Name.swift */,
				16ABF4D02B7C12610081E59B /* View+Extensions.swift */,
				16ABD3372B7BB72900B14DFE /* View */,
			);
			path = Extensions;
			sourceTree = "<group>";
		};
		16ABD2D82B7A7EFF00B14DFE /* Coordinators */ = {
			isa = PBXGroup;
			children = (
				16ABD2D92B7A7F1400B14DFE /* Coordinator.swift */,
				16ABD2DB2B7A7F5200B14DFE /* HomeCoordinator.swift */,
			);
			path = Coordinators;
			sourceTree = "<group>";
		};
		16ABD2DD2B7A7F8100B14DFE /* Screens */ = {
			isa = PBXGroup;
			children = (
				16ABD33A2B7BB81900B14DFE /* HeroDetailView */,
				16ABD2DE2B7A7F9000B14DFE /* HomeView */,
			);
			path = Screens;
			sourceTree = "<group>";
		};
		16ABD2DE2B7A7F9000B14DFE /* HomeView */ = {
			isa = PBXGroup;
			children = (
				16ABD31F2B7ABE0600B14DFE /* UseCase */,
				16ABD2DF2B7A7FAF00B14DFE /* HomeView.swift */,
				16ABD3172B7A8E5700B14DFE /* HomeViewModel.swift */,
			);
			path = HomeView;
			sourceTree = "<group>";
		};
		16ABD2E32B7A828400B14DFE /* Dependency Injection */ = {
			isa = PBXGroup;
			children = (
				16ABD2E42B7A82AF00B14DFE /* DependencyManager.swift */,
				16ABD2E92B7A834C00B14DFE /* ResolverEnvironment.swift */,
				16ABD2E62B7A82CA00B14DFE /* Coordinators */,
				16ABD3222B7AC0D200B14DFE /* Modules */,
				16ABD3252B7AC79800B14DFE /* Network */,
				16ABF4E22B7E625E0081E59B /* SwiftData */,
			);
			path = "Dependency Injection";
			sourceTree = "<group>";
		};
		16ABD2E62B7A82CA00B14DFE /* Coordinators */ = {
			isa = PBXGroup;
			children = (
				16ABD2E72B7A82E400B14DFE /* CoordinatorAssembly.swift */,
			);
			path = Coordinators;
			sourceTree = "<group>";
		};
		16ABD2EB2B7A83D200B14DFE /* Core */ = {
			isa = PBXGroup;
			children = (
				16ABF4E62B7E65F70081E59B /* SwiftData */,
				16ABD3332B7BAE3100B14DFE /* Error */,
				16ABD2EF2B7A83EA00B14DFE /* AppConfiguration.swift */,
				16ABD2EC2B7A83EA00B14DFE /* DomainResult.swift */,
				16ABD2F02B7A83EA00B14DFE /* Features.swift */,
				16ABD2ED2B7A83EA00B14DFE /* StateModel.swift */,
				16ABD2C12B7A7C3000B14DFE /* TextContent.swift */,
				16ABD3102B7A89F200B14DFE /* Security.swift */,
				16ABD3312B7BAE2700B14DFE /* ImageSize.swift */,
			);
			path = Core;
			sourceTree = "<group>";
		};
		16ABD2F92B7A871200B14DFE /* HeroListView */ = {
			isa = PBXGroup;
			children = (
				16ABD2D02B7A7CEE00B14DFE /* HeroListItemView.swift */,
				16ABD2F72B7A86D400B14DFE /* HeroListView.swift */,
			);
			path = HeroListView;
			sourceTree = "<group>";
		};
		16ABD2FD2B7A876600B14DFE /* Networking */ = {
			isa = PBXGroup;
			children = (
				16ABD3192B7ABA9300B14DFE /* Services */,
				16ABD3092B7A87E300B14DFE /* API EndPoints */,
				16ABD2FE2B7A877C00B14DFE /* HTTPClient.swift */,
				16ABD30E2B7A88E200B14DFE /* AuthenticationProtocol.swift */,
			);
			path = Networking;
			sourceTree = "<group>";
		};
		16ABD3002B7A87A600B14DFE /* Utilities */ = {
			isa = PBXGroup;
			children = (
				16ABD3032B7A87B700B14DFE /* DeveloperPreview.swift */,
				16ABD3042B7A87B700B14DFE /* LocalFileManager.swift */,
				16ABD3022B7A87B700B14DFE /* Logger.swift */,
			);
			path = Utilities;
			sourceTree = "<group>";
		};
		16ABD3092B7A87E300B14DFE /* API EndPoints */ = {
			isa = PBXGroup;
			children = (
				16ABD30A2B7A87F900B14DFE /* APIEndpoint.swift */,
				16ABD30C2B7A882200B14DFE /* HeroEndPoints.swift */,
				16ABD32D2B7B9DD100B14DFE /* ImageEndpoint.swift */,
			);
			path = "API EndPoints";
			sourceTree = "<group>";
		};
		16ABD3122B7A8CFA00B14DFE /* SquadList */ = {
			isa = PBXGroup;
			children = (
				16ABD3132B7A8D0700B14DFE /* SquadListResponse.swift */,
			);
			path = SquadList;
			sourceTree = "<group>";
		};
		16ABD3192B7ABA9300B14DFE /* Services */ = {
			isa = PBXGroup;
			children = (
				16ABD31A2B7ABAE500B14DFE /* HeroService.swift */,
			);
			path = Services;
			sourceTree = "<group>";
		};
		16ABD31C2B7ABC5A00B14DFE /* Services */ = {
			isa = PBXGroup;
			children = (
				16ABD31D2B7ABC7400B14DFE /* ServiceAssembly.swift */,
			);
			path = Services;
			sourceTree = "<group>";
		};
		16ABD31F2B7ABE0600B14DFE /* UseCase */ = {
			isa = PBXGroup;
			children = (
				16ABD3202B7ABE2400B14DFE /* FetchHeroListUseCase.swift */,
				1611FDBF2B7FC107006A6A78 /* FetchSquadUseCase.swift */,
			);
			path = UseCase;
			sourceTree = "<group>";
		};
		16ABD3222B7AC0D200B14DFE /* Modules */ = {
			isa = PBXGroup;
			children = (
				16ABD3232B7AC11200B14DFE /* ModuleAssembly.swift */,
			);
			path = Modules;
			sourceTree = "<group>";
		};
		16ABD3252B7AC79800B14DFE /* Network */ = {
			isa = PBXGroup;
			children = (
				16ABD31C2B7ABC5A00B14DFE /* Services */,
				16ABD3262B7AC7A800B14DFE /* NetworkAssembly.swift */,
			);
			path = Network;
			sourceTree = "<group>";
		};
		16ABD3332B7BAE3100B14DFE /* Error */ = {
			isa = PBXGroup;
			children = (
				16ABD2EE2B7A83EA00B14DFE /* ClientError.swift */,
			);
			path = Error;
			sourceTree = "<group>";
		};
		16ABD3372B7BB72900B14DFE /* View */ = {
			isa = PBXGroup;
			children = (
				16ABD3382B7BB73100B14DFE /* NavigationBarColorModifier.swift */,
			);
			path = View;
			sourceTree = "<group>";
		};
		16ABD33A2B7BB81900B14DFE /* HeroDetailView */ = {
			isa = PBXGroup;
			children = (
				16ABF4FB2B7F4F5F0081E59B /* UseCases */,
				16ABD33B2B7BB83000B14DFE /* HeroDetailView.swift */,
				16ABF4D22B7C12C10081E59B /* HeroDetailViewModel.swift */,
			);
			path = HeroDetailView;
			sourceTree = "<group>";
		};
		16ABF4D42B7C1CAF0081E59B /* ErrorView */ = {
			isa = PBXGroup;
			children = (
				16ABD3012B7A87B700B14DFE /* ErrorPopupView.swift */,
			);
			path = ErrorView;
			sourceTree = "<group>";
		};
		16ABF4D52B7C1CCF0081E59B /* LoadingView */ = {
			isa = PBXGroup;
			children = (
				16ABD3282B7AC85B00B14DFE /* FullScreenLoadingView.swift */,
			);
			path = LoadingView;
			sourceTree = "<group>";
		};
		16ABF4E22B7E625E0081E59B /* SwiftData */ = {
			isa = PBXGroup;
			children = (
				16ABF4E32B7E62750081E59B /* SwiftDataContainerAssembly.swift */,
			);
			path = SwiftData;
			sourceTree = "<group>";
		};
		16ABF4E62B7E65F70081E59B /* SwiftData */ = {
			isa = PBXGroup;
			children = (
				16ABF4FA2B7E85AF0081E59B /* PersistantManager */,
				16ABF4F72B7E853E0081E59B /* PersistantModel */,
				16ABF4F62B7E85290081E59B /* Protocols */,
			);
			path = SwiftData;
			sourceTree = "<group>";
		};
		16ABF4F62B7E85290081E59B /* Protocols */ = {
			isa = PBXGroup;
			children = (
				16ABF4EB2B7E69E70081E59B /* CommonModelProtocol.swift */,
				16ABF4F02B7E6A4B0081E59B /* ManagerProtocol.swift */,
				16ABF4EE2B7E6A140081E59B /* StorageProtocol.swift */,
			);
			path = Protocols;
			sourceTree = "<group>";
		};
		16ABF4F72B7E853E0081E59B /* PersistantModel */ = {
			isa = PBXGroup;
			children = (
				16ABF4F82B7E85510081E59B /* HeroPersistentModel.swift */,
				1611FDC72B8002C3006A6A78 /* ThumbnailPersistantModel.swift */,
			);
			path = PersistantModel;
			sourceTree = "<group>";
		};
		16ABF4FA2B7E85AF0081E59B /* PersistantManager */ = {
			isa = PBXGroup;
			children = (
				16ABF4E72B7E660C0081E59B /* HeroPersistenceManager.swift */,
				16ABF4E92B7E696B0081E59B /* BasePersistenceManager.swift */,
			);
			path = PersistantManager;
			sourceTree = "<group>";
		};
		16ABF4FB2B7F4F5F0081E59B /* UseCases */ = {
			isa = PBXGroup;
			children = (
				16ABF4FC2B7F4F830081E59B /* EditSquadUseCase.swift */,
			);
			path = UseCases;
			sourceTree = "<group>";
		};
/* End PBXGroup section */

/* Begin PBXNativeTarget section */
		16ABD2892B7A7BF900B14DFE /* The Superhero Squad Maker */ = {
			isa = PBXNativeTarget;
			buildConfigurationList = 16ABD2B42B7A7BFA00B14DFE /* Build configuration list for PBXNativeTarget "The Superhero Squad Maker" */;
			buildPhases = (
				16ABD2862B7A7BF900B14DFE /* Sources */,
				16ABD2872B7A7BF900B14DFE /* Frameworks */,
				16ABD2882B7A7BF900B14DFE /* Resources */,
				16ABD2D42B7A7D3D00B14DFE /* SwiftLint */,
			);
			buildRules = (
			);
			dependencies = (
			);
			name = "The Superhero Squad Maker";
			packageProductDependencies = (
				16ABD2E12B7A7FDB00B14DFE /* Swinject */,
				16ABD32B2B7B82E500B14DFE /* SDWebImageSwiftUI */,
				1611FDC52B7FEF32006A6A78 /* CombineExt */,
			);
			productName = "The Superhero Squad Maker";
			productReference = 16ABD28A2B7A7BF900B14DFE /* The Superhero Squad Maker.app */;
			productType = "com.apple.product-type.application";
		};
		16ABD29F2B7A7BFA00B14DFE /* The Superhero Squad MakerTests */ = {
			isa = PBXNativeTarget;
			buildConfigurationList = 16ABD2B72B7A7BFA00B14DFE /* Build configuration list for PBXNativeTarget "The Superhero Squad MakerTests" */;
			buildPhases = (
				16ABD29C2B7A7BFA00B14DFE /* Sources */,
				16ABD29D2B7A7BFA00B14DFE /* Frameworks */,
				16ABD29E2B7A7BFA00B14DFE /* Resources */,
			);
			buildRules = (
			);
			dependencies = (
				16ABD2A22B7A7BFA00B14DFE /* PBXTargetDependency */,
			);
			name = "The Superhero Squad MakerTests";
			productName = "The Superhero Squad MakerTests";
			productReference = 16ABD2A02B7A7BFA00B14DFE /* The Superhero Squad MakerTests.xctest */;
			productType = "com.apple.product-type.bundle.unit-test";
		};
		16ABD2A92B7A7BFA00B14DFE /* The Superhero Squad MakerUITests */ = {
			isa = PBXNativeTarget;
			buildConfigurationList = 16ABD2BA2B7A7BFA00B14DFE /* Build configuration list for PBXNativeTarget "The Superhero Squad MakerUITests" */;
			buildPhases = (
				16ABD2A62B7A7BFA00B14DFE /* Sources */,
				16ABD2A72B7A7BFA00B14DFE /* Frameworks */,
				16ABD2A82B7A7BFA00B14DFE /* Resources */,
			);
			buildRules = (
			);
			dependencies = (
				16ABD2AC2B7A7BFA00B14DFE /* PBXTargetDependency */,
			);
			name = "The Superhero Squad MakerUITests";
			productName = "The Superhero Squad MakerUITests";
			productReference = 16ABD2AA2B7A7BFA00B14DFE /* The Superhero Squad MakerUITests.xctest */;
			productType = "com.apple.product-type.bundle.ui-testing";
		};
/* End PBXNativeTarget section */

/* Begin PBXProject section */
		16ABD2822B7A7BF900B14DFE /* Project object */ = {
			isa = PBXProject;
			attributes = {
				BuildIndependentTargetsInParallel = 1;
				LastSwiftUpdateCheck = 1520;
				LastUpgradeCheck = 1520;
				TargetAttributes = {
					16ABD2892B7A7BF900B14DFE = {
						CreatedOnToolsVersion = 15.2;
					};
					16ABD29F2B7A7BFA00B14DFE = {
						CreatedOnToolsVersion = 15.2;
						TestTargetID = 16ABD2892B7A7BF900B14DFE;
					};
					16ABD2A92B7A7BFA00B14DFE = {
						CreatedOnToolsVersion = 15.2;
						TestTargetID = 16ABD2892B7A7BF900B14DFE;
					};
				};
			};
			buildConfigurationList = 16ABD2852B7A7BF900B14DFE /* Build configuration list for PBXProject "The Superhero Squad Maker" */;
			compatibilityVersion = "Xcode 14.0";
			developmentRegion = en;
			hasScannedForEncodings = 0;
			knownRegions = (
				en,
				Base,
			);
			mainGroup = 16ABD2812B7A7BF900B14DFE;
			packageReferences = (
				16ABD2D72B7A7EF600B14DFE /* XCRemoteSwiftPackageReference "Swinject" */,
				16ABD32A2B7B82E500B14DFE /* XCRemoteSwiftPackageReference "SDWebImageSwiftUI" */,
				1611FDC42B7FEF32006A6A78 /* XCRemoteSwiftPackageReference "CombineExt" */,
			);
			productRefGroup = 16ABD28B2B7A7BF900B14DFE /* Products */;
			projectDirPath = "";
			projectRoot = "";
			targets = (
				16ABD2892B7A7BF900B14DFE /* The Superhero Squad Maker */,
				16ABD29F2B7A7BFA00B14DFE /* The Superhero Squad MakerTests */,
				16ABD2A92B7A7BFA00B14DFE /* The Superhero Squad MakerUITests */,
			);
		};
/* End PBXProject section */

/* Begin PBXResourcesBuildPhase section */
		16ABD2882B7A7BF900B14DFE /* Resources */ = {
			isa = PBXResourcesBuildPhase;
			buildActionMask = 2147483647;
			files = (
				16ABD29A2B7A7BFA00B14DFE /* LaunchScreen.storyboard in Resources */,
				16ABD2972B7A7BFA00B14DFE /* Assets.xcassets in Resources */,
			);
			runOnlyForDeploymentPostprocessing = 0;
		};
		16ABD29E2B7A7BFA00B14DFE /* Resources */ = {
			isa = PBXResourcesBuildPhase;
			buildActionMask = 2147483647;
			files = (
			);
			runOnlyForDeploymentPostprocessing = 0;
		};
		16ABD2A82B7A7BFA00B14DFE /* Resources */ = {
			isa = PBXResourcesBuildPhase;
			buildActionMask = 2147483647;
			files = (
			);
			runOnlyForDeploymentPostprocessing = 0;
		};
/* End PBXResourcesBuildPhase section */

/* Begin PBXShellScriptBuildPhase section */
		16ABD2D42B7A7D3D00B14DFE /* SwiftLint */ = {
			isa = PBXShellScriptBuildPhase;
			buildActionMask = 2147483647;
			files = (
			);
			inputFileListPaths = (
			);
			inputPaths = (
			);
			name = SwiftLint;
			outputFileListPaths = (
			);
			outputPaths = (
			);
			runOnlyForDeploymentPostprocessing = 0;
			shellPath = /bin/sh;
			shellScript = "if [[ \"$(uname -m)\" == arm64 ]]; then\n    export PATH=\"/opt/homebrew/bin:$PATH\"\nfi\n\nif which swiftlint > /dev/null; then\n  swiftlint\nelse\n  echo \"warning: SwiftLint not installed, download from https://github.com/realm/SwiftLint\"\nfi\n\n\n";
		};
/* End PBXShellScriptBuildPhase section */

/* Begin PBXSourcesBuildPhase section */
		16ABD2862B7A7BF900B14DFE /* Sources */ = {
			isa = PBXSourcesBuildPhase;
			buildActionMask = 2147483647;
			files = (
				16ABD2CA2B7A7C8900B14DFE /* Color+Extensions.swift in Sources */,
				1611FDCD2B810B77006A6A78 /* Notification+Name.swift in Sources */,
				16ABF4EC2B7E69E70081E59B /* CommonModelProtocol.swift in Sources */,
				16ABD3142B7A8D0700B14DFE /* SquadListResponse.swift in Sources */,
				16ABD3112B7A89F200B14DFE /* Security.swift in Sources */,
				16ABD3212B7ABE2400B14DFE /* FetchHeroListUseCase.swift in Sources */,
				16ABD3302B7BADDE00B14DFE /* Array+Extensions.swift in Sources */,
				1611FDC82B8002C3006A6A78 /* ThumbnailPersistantModel.swift in Sources */,
				16ABF4F12B7E6A4B0081E59B /* ManagerProtocol.swift in Sources */,
				16ABD3052B7A87B700B14DFE /* ErrorPopupView.swift in Sources */,
				16ABD3272B7AC7A800B14DFE /* NetworkAssembly.swift in Sources */,
				16ABD2C22B7A7C3000B14DFE /* TextContent.swift in Sources */,
				16ABD30D2B7A882200B14DFE /* HeroEndPoints.swift in Sources */,
				16ABF4F92B7E85510081E59B /* HeroPersistentModel.swift in Sources */,
				16ABD2FF2B7A877C00B14DFE /* HTTPClient.swift in Sources */,
				16ABF4EF2B7E6A140081E59B /* StorageProtocol.swift in Sources */,
				16ABD2F12B7A83EA00B14DFE /* DomainResult.swift in Sources */,
				16ABD2E02B7A7FAF00B14DFE /* HomeView.swift in Sources */,
				16ABF4D12B7C12610081E59B /* View+Extensions.swift in Sources */,
				16ABD2D32B7A7CEE00B14DFE /* HeroListItemView.swift in Sources */,
				16ABD28E2B7A7BF900B14DFE /* AppDelegate.swift in Sources */,
				16ABD2F42B7A83EA00B14DFE /* AppConfiguration.swift in Sources */,
				16ABD3242B7AC11200B14DFE /* ModuleAssembly.swift in Sources */,
				16ABD3062B7A87B700B14DFE /* Logger.swift in Sources */,
				16ABD2D22B7A7CEE00B14DFE /* SquadMemberView.swift in Sources */,
				16ABD2E52B7A82B000B14DFE /* DependencyManager.swift in Sources */,
				16ABF4EA2B7E696B0081E59B /* BasePersistenceManager.swift in Sources */,
				16ABD2F52B7A83EA00B14DFE /* Features.swift in Sources */,
				16ABD2F82B7A86D400B14DFE /* HeroListView.swift in Sources */,
				16ABD3182B7A8E5700B14DFE /* HomeViewModel.swift in Sources */,
				16ABD2DC2B7A7F5200B14DFE /* HomeCoordinator.swift in Sources */,
				16ABD2D62B7A7ED900B14DFE /* ApplicationCoordinator.swift in Sources */,
				16ABD31E2B7ABC7400B14DFE /* ServiceAssembly.swift in Sources */,
				16ABD3072B7A87B700B14DFE /* DeveloperPreview.swift in Sources */,
				16ABD2DA2B7A7F1400B14DFE /* Coordinator.swift in Sources */,
				16ABD3392B7BB73100B14DFE /* NavigationBarColorModifier.swift in Sources */,
				16ABD30B2B7A87F900B14DFE /* APIEndpoint.swift in Sources */,
				16ABD2CB2B7A7C8900B14DFE /* Image+Extensions.swift in Sources */,
				16ABD2EA2B7A834C00B14DFE /* ResolverEnvironment.swift in Sources */,
				16ABF4D32B7C12C10081E59B /* HeroDetailViewModel.swift in Sources */,
				16ABD2F22B7A83EA00B14DFE /* StateModel.swift in Sources */,
				16ABD2F32B7A83EA00B14DFE /* ClientError.swift in Sources */,
				16ABD30F2B7A88E200B14DFE /* AuthenticationProtocol.swift in Sources */,
				16ABD33C2B7BB83000B14DFE /* HeroDetailView.swift in Sources */,
				16ABD33E2B7BD1A600B14DFE /* ImageFromUrlView.swift in Sources */,
				16ABD32E2B7B9DD100B14DFE /* ImageEndpoint.swift in Sources */,
				16ABF4E82B7E660C0081E59B /* HeroPersistenceManager.swift in Sources */,
				16ABD2C92B7A7C8900B14DFE /* CGFloat+Extensions.swift in Sources */,
				16ABD3292B7AC85B00B14DFE /* FullScreenLoadingView.swift in Sources */,
				16ABD31B2B7ABAE500B14DFE /* HeroService.swift in Sources */,
				1611FDC02B7FC107006A6A78 /* FetchSquadUseCase.swift in Sources */,
				16ABF4FD2B7F4F830081E59B /* EditSquadUseCase.swift in Sources */,
				16ABD2E82B7A82E400B14DFE /* CoordinatorAssembly.swift in Sources */,
				16ABF4E42B7E62750081E59B /* SwiftDataContainerAssembly.swift in Sources */,
				1611FDCA2B80072D006A6A78 /* SquadView.swift in Sources */,
				16ABD2902B7A7BF900B14DFE /* SceneDelegate.swift in Sources */,
				16ABD2D12B7A7CEE00B14DFE /* SquadButton.swift in Sources */,
				16ABD3322B7BAE2700B14DFE /* ImageSize.swift in Sources */,
				16ABD3082B7A87B700B14DFE /* LocalFileManager.swift in Sources */,
			);
			runOnlyForDeploymentPostprocessing = 0;
		};
		16ABD29C2B7A7BFA00B14DFE /* Sources */ = {
			isa = PBXSourcesBuildPhase;
			buildActionMask = 2147483647;
			files = (
				16ABD2A52B7A7BFA00B14DFE /* The_Superhero_Squad_MakerTests.swift in Sources */,
			);
			runOnlyForDeploymentPostprocessing = 0;
		};
		16ABD2A62B7A7BFA00B14DFE /* Sources */ = {
			isa = PBXSourcesBuildPhase;
			buildActionMask = 2147483647;
			files = (
			);
			runOnlyForDeploymentPostprocessing = 0;
		};
/* End PBXSourcesBuildPhase section */

/* Begin PBXTargetDependency section */
		16ABD2A22B7A7BFA00B14DFE /* PBXTargetDependency */ = {
			isa = PBXTargetDependency;
			target = 16ABD2892B7A7BF900B14DFE /* The Superhero Squad Maker */;
			targetProxy = 16ABD2A12B7A7BFA00B14DFE /* PBXContainerItemProxy */;
		};
		16ABD2AC2B7A7BFA00B14DFE /* PBXTargetDependency */ = {
			isa = PBXTargetDependency;
			target = 16ABD2892B7A7BF900B14DFE /* The Superhero Squad Maker */;
			targetProxy = 16ABD2AB2B7A7BFA00B14DFE /* PBXContainerItemProxy */;
		};
/* End PBXTargetDependency section */

/* Begin PBXVariantGroup section */
		16ABD2982B7A7BFA00B14DFE /* LaunchScreen.storyboard */ = {
			isa = PBXVariantGroup;
			children = (
				16ABD2992B7A7BFA00B14DFE /* Base */,
			);
			name = LaunchScreen.storyboard;
			sourceTree = "<group>";
		};
/* End PBXVariantGroup section */

/* Begin XCBuildConfiguration section */
		16ABD2B22B7A7BFA00B14DFE /* Debug */ = {
			isa = XCBuildConfiguration;
			buildSettings = {
				ALWAYS_SEARCH_USER_PATHS = NO;
				ASSETCATALOG_COMPILER_GENERATE_SWIFT_ASSET_SYMBOL_EXTENSIONS = YES;
				CLANG_ANALYZER_NONNULL = YES;
				CLANG_ANALYZER_NUMBER_OBJECT_CONVERSION = YES_AGGRESSIVE;
				CLANG_CXX_LANGUAGE_STANDARD = "gnu++20";
				CLANG_ENABLE_MODULES = YES;
				CLANG_ENABLE_OBJC_ARC = YES;
				CLANG_ENABLE_OBJC_WEAK = YES;
				CLANG_WARN_BLOCK_CAPTURE_AUTORELEASING = YES;
				CLANG_WARN_BOOL_CONVERSION = YES;
				CLANG_WARN_COMMA = YES;
				CLANG_WARN_CONSTANT_CONVERSION = YES;
				CLANG_WARN_DEPRECATED_OBJC_IMPLEMENTATIONS = YES;
				CLANG_WARN_DIRECT_OBJC_ISA_USAGE = YES_ERROR;
				CLANG_WARN_DOCUMENTATION_COMMENTS = YES;
				CLANG_WARN_EMPTY_BODY = YES;
				CLANG_WARN_ENUM_CONVERSION = YES;
				CLANG_WARN_INFINITE_RECURSION = YES;
				CLANG_WARN_INT_CONVERSION = YES;
				CLANG_WARN_NON_LITERAL_NULL_CONVERSION = YES;
				CLANG_WARN_OBJC_IMPLICIT_RETAIN_SELF = YES;
				CLANG_WARN_OBJC_LITERAL_CONVERSION = YES;
				CLANG_WARN_OBJC_ROOT_CLASS = YES_ERROR;
				CLANG_WARN_QUOTED_INCLUDE_IN_FRAMEWORK_HEADER = YES;
				CLANG_WARN_RANGE_LOOP_ANALYSIS = YES;
				CLANG_WARN_STRICT_PROTOTYPES = YES;
				CLANG_WARN_SUSPICIOUS_MOVE = YES;
				CLANG_WARN_UNGUARDED_AVAILABILITY = YES_AGGRESSIVE;
				CLANG_WARN_UNREACHABLE_CODE = YES;
				CLANG_WARN__DUPLICATE_METHOD_MATCH = YES;
				COPY_PHASE_STRIP = NO;
				DEBUG_INFORMATION_FORMAT = dwarf;
				ENABLE_STRICT_OBJC_MSGSEND = YES;
				ENABLE_TESTABILITY = YES;
				ENABLE_USER_SCRIPT_SANDBOXING = YES;
				GCC_C_LANGUAGE_STANDARD = gnu17;
				GCC_DYNAMIC_NO_PIC = NO;
				GCC_NO_COMMON_BLOCKS = YES;
				GCC_OPTIMIZATION_LEVEL = 0;
				GCC_PREPROCESSOR_DEFINITIONS = (
					"DEBUG=1",
					"$(inherited)",
				);
				GCC_WARN_64_TO_32_BIT_CONVERSION = YES;
				GCC_WARN_ABOUT_RETURN_TYPE = YES_ERROR;
				GCC_WARN_UNDECLARED_SELECTOR = YES;
				GCC_WARN_UNINITIALIZED_AUTOS = YES_AGGRESSIVE;
				GCC_WARN_UNUSED_FUNCTION = YES;
				GCC_WARN_UNUSED_VARIABLE = YES;
				IPHONEOS_DEPLOYMENT_TARGET = 17.2;
				LOCALIZATION_PREFERS_STRING_CATALOGS = YES;
				MTL_ENABLE_DEBUG_INFO = INCLUDE_SOURCE;
				MTL_FAST_MATH = YES;
				ONLY_ACTIVE_ARCH = YES;
				SDKROOT = iphoneos;
				SWIFT_ACTIVE_COMPILATION_CONDITIONS = "DEBUG $(inherited)";
				SWIFT_OPTIMIZATION_LEVEL = "-Onone";
			};
			name = Debug;
		};
		16ABD2B32B7A7BFA00B14DFE /* Release */ = {
			isa = XCBuildConfiguration;
			buildSettings = {
				ALWAYS_SEARCH_USER_PATHS = NO;
				ASSETCATALOG_COMPILER_GENERATE_SWIFT_ASSET_SYMBOL_EXTENSIONS = YES;
				CLANG_ANALYZER_NONNULL = YES;
				CLANG_ANALYZER_NUMBER_OBJECT_CONVERSION = YES_AGGRESSIVE;
				CLANG_CXX_LANGUAGE_STANDARD = "gnu++20";
				CLANG_ENABLE_MODULES = YES;
				CLANG_ENABLE_OBJC_ARC = YES;
				CLANG_ENABLE_OBJC_WEAK = YES;
				CLANG_WARN_BLOCK_CAPTURE_AUTORELEASING = YES;
				CLANG_WARN_BOOL_CONVERSION = YES;
				CLANG_WARN_COMMA = YES;
				CLANG_WARN_CONSTANT_CONVERSION = YES;
				CLANG_WARN_DEPRECATED_OBJC_IMPLEMENTATIONS = YES;
				CLANG_WARN_DIRECT_OBJC_ISA_USAGE = YES_ERROR;
				CLANG_WARN_DOCUMENTATION_COMMENTS = YES;
				CLANG_WARN_EMPTY_BODY = YES;
				CLANG_WARN_ENUM_CONVERSION = YES;
				CLANG_WARN_INFINITE_RECURSION = YES;
				CLANG_WARN_INT_CONVERSION = YES;
				CLANG_WARN_NON_LITERAL_NULL_CONVERSION = YES;
				CLANG_WARN_OBJC_IMPLICIT_RETAIN_SELF = YES;
				CLANG_WARN_OBJC_LITERAL_CONVERSION = YES;
				CLANG_WARN_OBJC_ROOT_CLASS = YES_ERROR;
				CLANG_WARN_QUOTED_INCLUDE_IN_FRAMEWORK_HEADER = YES;
				CLANG_WARN_RANGE_LOOP_ANALYSIS = YES;
				CLANG_WARN_STRICT_PROTOTYPES = YES;
				CLANG_WARN_SUSPICIOUS_MOVE = YES;
				CLANG_WARN_UNGUARDED_AVAILABILITY = YES_AGGRESSIVE;
				CLANG_WARN_UNREACHABLE_CODE = YES;
				CLANG_WARN__DUPLICATE_METHOD_MATCH = YES;
				COPY_PHASE_STRIP = NO;
				DEBUG_INFORMATION_FORMAT = "dwarf-with-dsym";
				ENABLE_NS_ASSERTIONS = NO;
				ENABLE_STRICT_OBJC_MSGSEND = YES;
				ENABLE_USER_SCRIPT_SANDBOXING = YES;
				GCC_C_LANGUAGE_STANDARD = gnu17;
				GCC_NO_COMMON_BLOCKS = YES;
				GCC_WARN_64_TO_32_BIT_CONVERSION = YES;
				GCC_WARN_ABOUT_RETURN_TYPE = YES_ERROR;
				GCC_WARN_UNDECLARED_SELECTOR = YES;
				GCC_WARN_UNINITIALIZED_AUTOS = YES_AGGRESSIVE;
				GCC_WARN_UNUSED_FUNCTION = YES;
				GCC_WARN_UNUSED_VARIABLE = YES;
				IPHONEOS_DEPLOYMENT_TARGET = 17.2;
				LOCALIZATION_PREFERS_STRING_CATALOGS = YES;
				MTL_ENABLE_DEBUG_INFO = NO;
				MTL_FAST_MATH = YES;
				SDKROOT = iphoneos;
				SWIFT_COMPILATION_MODE = wholemodule;
				VALIDATE_PRODUCT = YES;
			};
			name = Release;
		};
		16ABD2B52B7A7BFA00B14DFE /* Debug */ = {
			isa = XCBuildConfiguration;
			buildSettings = {
				ASSETCATALOG_COMPILER_APPICON_NAME = AppIcon;
				ASSETCATALOG_COMPILER_GLOBAL_ACCENT_COLOR_NAME = AccentColor;
				CODE_SIGN_STYLE = Automatic;
				CURRENT_PROJECT_VERSION = 1;
				ENABLE_USER_SCRIPT_SANDBOXING = NO;
				GENERATE_INFOPLIST_FILE = YES;
				INFOPLIST_FILE = "The Superhero Squad Maker/App/Info.plist";
				INFOPLIST_KEY_UIApplicationSupportsIndirectInputEvents = YES;
				INFOPLIST_KEY_UILaunchStoryboardName = LaunchScreen;
				INFOPLIST_KEY_UIMainStoryboardFile = "";
				INFOPLIST_KEY_UISupportedInterfaceOrientations_iPad = "UIInterfaceOrientationPortrait UIInterfaceOrientationPortraitUpsideDown UIInterfaceOrientationLandscapeLeft UIInterfaceOrientationLandscapeRight";
				INFOPLIST_KEY_UISupportedInterfaceOrientations_iPhone = "UIInterfaceOrientationPortrait UIInterfaceOrientationLandscapeLeft UIInterfaceOrientationLandscapeRight";
				LD_RUNPATH_SEARCH_PATHS = (
					"$(inherited)",
					"@executable_path/Frameworks",
				);
				MARKETING_VERSION = 1.0;
				PRODUCT_BUNDLE_IDENTIFIER = "com.abin.The-Superhero-Squad-Maker";
				PRODUCT_NAME = "$(TARGET_NAME)";
				SWIFT_EMIT_LOC_STRINGS = YES;
				SWIFT_VERSION = 5.0;
				TARGETED_DEVICE_FAMILY = "1,2";
			};
			name = Debug;
		};
		16ABD2B62B7A7BFA00B14DFE /* Release */ = {
			isa = XCBuildConfiguration;
			buildSettings = {
				ASSETCATALOG_COMPILER_APPICON_NAME = AppIcon;
				ASSETCATALOG_COMPILER_GLOBAL_ACCENT_COLOR_NAME = AccentColor;
				CODE_SIGN_STYLE = Automatic;
				CURRENT_PROJECT_VERSION = 1;
				ENABLE_USER_SCRIPT_SANDBOXING = NO;
				GENERATE_INFOPLIST_FILE = YES;
				INFOPLIST_FILE = "The Superhero Squad Maker/App/Info.plist";
				INFOPLIST_KEY_UIApplicationSupportsIndirectInputEvents = YES;
				INFOPLIST_KEY_UILaunchStoryboardName = LaunchScreen;
				INFOPLIST_KEY_UIMainStoryboardFile = "";
				INFOPLIST_KEY_UISupportedInterfaceOrientations_iPad = "UIInterfaceOrientationPortrait UIInterfaceOrientationPortraitUpsideDown UIInterfaceOrientationLandscapeLeft UIInterfaceOrientationLandscapeRight";
				INFOPLIST_KEY_UISupportedInterfaceOrientations_iPhone = "UIInterfaceOrientationPortrait UIInterfaceOrientationLandscapeLeft UIInterfaceOrientationLandscapeRight";
				LD_RUNPATH_SEARCH_PATHS = (
					"$(inherited)",
					"@executable_path/Frameworks",
				);
				MARKETING_VERSION = 1.0;
				PRODUCT_BUNDLE_IDENTIFIER = "com.abin.The-Superhero-Squad-Maker";
				PRODUCT_NAME = "$(TARGET_NAME)";
				SWIFT_EMIT_LOC_STRINGS = YES;
				SWIFT_VERSION = 5.0;
				TARGETED_DEVICE_FAMILY = "1,2";
			};
			name = Release;
		};
		16ABD2B82B7A7BFA00B14DFE /* Debug */ = {
			isa = XCBuildConfiguration;
			buildSettings = {
				ALWAYS_EMBED_SWIFT_STANDARD_LIBRARIES = YES;
				BUNDLE_LOADER = "$(TEST_HOST)";
				CODE_SIGN_STYLE = Automatic;
				CURRENT_PROJECT_VERSION = 1;
				GENERATE_INFOPLIST_FILE = YES;
				IPHONEOS_DEPLOYMENT_TARGET = 17.2;
				MARKETING_VERSION = 1.0;
				PRODUCT_BUNDLE_IDENTIFIER = "com.abin.The-Superhero-Squad-MakerTests";
				PRODUCT_NAME = "$(TARGET_NAME)";
				SWIFT_EMIT_LOC_STRINGS = NO;
				SWIFT_VERSION = 5.0;
				TARGETED_DEVICE_FAMILY = "1,2";
				TEST_HOST = "$(BUILT_PRODUCTS_DIR)/The Superhero Squad Maker.app/$(BUNDLE_EXECUTABLE_FOLDER_PATH)/The Superhero Squad Maker";
			};
			name = Debug;
		};
		16ABD2B92B7A7BFA00B14DFE /* Release */ = {
			isa = XCBuildConfiguration;
			buildSettings = {
				ALWAYS_EMBED_SWIFT_STANDARD_LIBRARIES = YES;
				BUNDLE_LOADER = "$(TEST_HOST)";
				CODE_SIGN_STYLE = Automatic;
				CURRENT_PROJECT_VERSION = 1;
				GENERATE_INFOPLIST_FILE = YES;
				IPHONEOS_DEPLOYMENT_TARGET = 17.2;
				MARKETING_VERSION = 1.0;
				PRODUCT_BUNDLE_IDENTIFIER = "com.abin.The-Superhero-Squad-MakerTests";
				PRODUCT_NAME = "$(TARGET_NAME)";
				SWIFT_EMIT_LOC_STRINGS = NO;
				SWIFT_VERSION = 5.0;
				TARGETED_DEVICE_FAMILY = "1,2";
				TEST_HOST = "$(BUILT_PRODUCTS_DIR)/The Superhero Squad Maker.app/$(BUNDLE_EXECUTABLE_FOLDER_PATH)/The Superhero Squad Maker";
			};
			name = Release;
		};
		16ABD2BB2B7A7BFA00B14DFE /* Debug */ = {
			isa = XCBuildConfiguration;
			buildSettings = {
				ALWAYS_EMBED_SWIFT_STANDARD_LIBRARIES = YES;
				CODE_SIGN_STYLE = Automatic;
				CURRENT_PROJECT_VERSION = 1;
				GENERATE_INFOPLIST_FILE = YES;
				MARKETING_VERSION = 1.0;
				PRODUCT_BUNDLE_IDENTIFIER = "com.abin.The-Superhero-Squad-MakerUITests";
				PRODUCT_NAME = "$(TARGET_NAME)";
				SWIFT_EMIT_LOC_STRINGS = NO;
				SWIFT_VERSION = 5.0;
				TARGETED_DEVICE_FAMILY = "1,2";
				TEST_TARGET_NAME = "The Superhero Squad Maker";
			};
			name = Debug;
		};
		16ABD2BC2B7A7BFA00B14DFE /* Release */ = {
			isa = XCBuildConfiguration;
			buildSettings = {
				ALWAYS_EMBED_SWIFT_STANDARD_LIBRARIES = YES;
				CODE_SIGN_STYLE = Automatic;
				CURRENT_PROJECT_VERSION = 1;
				GENERATE_INFOPLIST_FILE = YES;
				MARKETING_VERSION = 1.0;
				PRODUCT_BUNDLE_IDENTIFIER = "com.abin.The-Superhero-Squad-MakerUITests";
				PRODUCT_NAME = "$(TARGET_NAME)";
				SWIFT_EMIT_LOC_STRINGS = NO;
				SWIFT_VERSION = 5.0;
				TARGETED_DEVICE_FAMILY = "1,2";
				TEST_TARGET_NAME = "The Superhero Squad Maker";
			};
			name = Release;
		};
/* End XCBuildConfiguration section */

/* Begin XCConfigurationList section */
		16ABD2852B7A7BF900B14DFE /* Build configuration list for PBXProject "The Superhero Squad Maker" */ = {
			isa = XCConfigurationList;
			buildConfigurations = (
				16ABD2B22B7A7BFA00B14DFE /* Debug */,
				16ABD2B32B7A7BFA00B14DFE /* Release */,
			);
			defaultConfigurationIsVisible = 0;
			defaultConfigurationName = Release;
		};
		16ABD2B42B7A7BFA00B14DFE /* Build configuration list for PBXNativeTarget "The Superhero Squad Maker" */ = {
			isa = XCConfigurationList;
			buildConfigurations = (
				16ABD2B52B7A7BFA00B14DFE /* Debug */,
				16ABD2B62B7A7BFA00B14DFE /* Release */,
			);
			defaultConfigurationIsVisible = 0;
			defaultConfigurationName = Release;
		};
		16ABD2B72B7A7BFA00B14DFE /* Build configuration list for PBXNativeTarget "The Superhero Squad MakerTests" */ = {
			isa = XCConfigurationList;
			buildConfigurations = (
				16ABD2B82B7A7BFA00B14DFE /* Debug */,
				16ABD2B92B7A7BFA00B14DFE /* Release */,
			);
			defaultConfigurationIsVisible = 0;
			defaultConfigurationName = Release;
		};
		16ABD2BA2B7A7BFA00B14DFE /* Build configuration list for PBXNativeTarget "The Superhero Squad MakerUITests" */ = {
			isa = XCConfigurationList;
			buildConfigurations = (
				16ABD2BB2B7A7BFA00B14DFE /* Debug */,
				16ABD2BC2B7A7BFA00B14DFE /* Release */,
			);
			defaultConfigurationIsVisible = 0;
			defaultConfigurationName = Release;
		};
/* End XCConfigurationList section */

/* Begin XCRemoteSwiftPackageReference section */
		1611FDC42B7FEF32006A6A78 /* XCRemoteSwiftPackageReference "CombineExt" */ = {
			isa = XCRemoteSwiftPackageReference;
			repositoryURL = "https://github.com/CombineCommunity/CombineExt";
			requirement = {
				kind = upToNextMajorVersion;
				minimumVersion = 1.8.1;
			};
		};
		16ABD2D72B7A7EF600B14DFE /* XCRemoteSwiftPackageReference "Swinject" */ = {
			isa = XCRemoteSwiftPackageReference;
			repositoryURL = "https://github.com/Swinject/Swinject";
			requirement = {
				kind = upToNextMajorVersion;
				minimumVersion = 2.8.4;
			};
		};
		16ABD32A2B7B82E500B14DFE /* XCRemoteSwiftPackageReference "SDWebImageSwiftUI" */ = {
			isa = XCRemoteSwiftPackageReference;
			repositoryURL = "https://github.com/SDWebImage/SDWebImageSwiftUI.git";
			requirement = {
				kind = upToNextMajorVersion;
				minimumVersion = 2.2.6;
			};
		};
/* End XCRemoteSwiftPackageReference section */

/* Begin XCSwiftPackageProductDependency section */
		1611FDC52B7FEF32006A6A78 /* CombineExt */ = {
			isa = XCSwiftPackageProductDependency;
			package = 1611FDC42B7FEF32006A6A78 /* XCRemoteSwiftPackageReference "CombineExt" */;
			productName = CombineExt;
		};
		16ABD2E12B7A7FDB00B14DFE /* Swinject */ = {
			isa = XCSwiftPackageProductDependency;
			package = 16ABD2D72B7A7EF600B14DFE /* XCRemoteSwiftPackageReference "Swinject" */;
			productName = Swinject;
		};
		16ABD32B2B7B82E500B14DFE /* SDWebImageSwiftUI */ = {
			isa = XCSwiftPackageProductDependency;
			package = 16ABD32A2B7B82E500B14DFE /* XCRemoteSwiftPackageReference "SDWebImageSwiftUI" */;
			productName = SDWebImageSwiftUI;
		};
/* End XCSwiftPackageProductDependency section */
	};
	rootObject = 16ABD2822B7A7BF900B14DFE /* Project object */;
}
